
Microsoft Visual Studio Solution File, Format Version 12.00
# Visual Studio Version 16
VisualStudioVersion = 16.0.34729.46
MinimumVisualStudioVersion = 10.0.40219.1
Project("{FAE04EC0-301F-11D3-BF4B-00C04F79EFBC}") = "Lab2", "Lab2\Lab2.csproj", "{A8AFCE8F-0D08-456C-9D3D-2D6FBC57AD74}"
EndProject
Project("{FAE04EC0-301F-11D3-BF4B-00C04F79EFBC}") = "Lab2_console", "Lab2_console\Lab2_console.csproj", "{88EE259F-197E-4356-9ED4-253228883555}"
EndProject
Global
	GlobalSection(SolutionConfigurationPlatforms) = preSolution
		Debug|Any CPU = Debug|Any CPU
		Release|Any CPU = Release|Any CPU
	EndGlobalSection
	GlobalSection(ProjectConfigurationPlatforms) = postSolution
		{A8AFCE8F-0D08-456C-9D3D-2D6FBC57AD74}.Debug|Any CPU.ActiveCfg = Debug|Any CPU
		{A8AFCE8F-0D08-456C-9D3D-2D6FBC57AD74}.Debug|Any CPU.Build.0 = Debug|Any CPU
		{A8AFCE8F-0D08-456C-9D3D-2D6FBC57AD74}.Release|Any CPU.ActiveCfg = Release|Any CPU
		{A8AFCE8F-0D08-456C-9D3D-2D6FBC57AD74}.Release|Any CPU.Build.0 = Release|Any CPU
		{88EE259F-197E-4356-9ED4-253228883555}.Debug|Any CPU.ActiveCfg = Debug|Any CPU
		{88EE259F-197E-4356-9ED4-253228883555}.Debug|Any CPU.Build.0 = Debug|Any CPU
		{88EE259F-197E-4356-9ED4-253228883555}.Release|Any CPU.ActiveCfg = Release|Any CPU
		{88EE259F-197E-4356-9ED4-253228883555}.Release|Any CPU.Build.0 = Release|Any CPU
	EndGlobalSection
	GlobalSection(SolutionProperties) = preSolution
		HideSolutionNode = FALSE
	EndGlobalSection
	GlobalSection(ExtensibilityGlobals) = postSolution
		SolutionGuid = {C2095B30-C819-486E-9703-1C15A5A9B66A}
	EndGlobalSection
EndGlobal
